// !$*UTF8*$!
{
	archiveVersion = 1;
	classes = {
	};
	objectVersion = 50;
	objects = {

/* Begin PBXBuildFile section */
		3516F2AA20F6B90F00C7E59D /* User.m in Sources */ = {isa = PBXBuildFile; fileRef = 3516F2A920F6B90F00C7E59D /* User.m */; };
		3516F2AD20F721B800C7E59D /* CustomCameraViewController.m in Sources */ = {isa = PBXBuildFile; fileRef = 3516F2AC20F721B800C7E59D /* CustomCameraViewController.m */; };
		3516F2AF20F7244B00C7E59D /* AVFoundation.framework in Frameworks */ = {isa = PBXBuildFile; fileRef = 3516F2AE20F7244B00C7E59D /* AVFoundation.framework */; };
		35AFDD0820F96C92008C2328 /* CustomCaptionViewController.m in Sources */ = {isa = PBXBuildFile; fileRef = 35AFDD0720F96C92008C2328 /* CustomCaptionViewController.m */; };
		35D8D5CF20F4125900B5D12C /* AppDelegate.m in Sources */ = {isa = PBXBuildFile; fileRef = 35D8D5CE20F4125900B5D12C /* AppDelegate.m */; };
		35D8D5D220F4125900B5D12C /* ViewController.m in Sources */ = {isa = PBXBuildFile; fileRef = 35D8D5D120F4125900B5D12C /* ViewController.m */; };
		35D8D5D520F4125900B5D12C /* Main.storyboard in Resources */ = {isa = PBXBuildFile; fileRef = 35D8D5D320F4125900B5D12C /* Main.storyboard */; };
		35D8D5D720F4125A00B5D12C /* Assets.xcassets in Resources */ = {isa = PBXBuildFile; fileRef = 35D8D5D620F4125A00B5D12C /* Assets.xcassets */; };
		35D8D5DA20F4125A00B5D12C /* LaunchScreen.storyboard in Resources */ = {isa = PBXBuildFile; fileRef = 35D8D5D820F4125A00B5D12C /* LaunchScreen.storyboard */; };
		35D8D5DD20F4125A00B5D12C /* main.m in Sources */ = {isa = PBXBuildFile; fileRef = 35D8D5DC20F4125A00B5D12C /* main.m */; };
		35D8D5E720F4125A00B5D12C /* instagramishaTests.m in Sources */ = {isa = PBXBuildFile; fileRef = 35D8D5E620F4125A00B5D12C /* instagramishaTests.m */; };
		35D8D5F220F4125A00B5D12C /* instagramishaUITests.m in Sources */ = {isa = PBXBuildFile; fileRef = 35D8D5F120F4125A00B5D12C /* instagramishaUITests.m */; };
		35D8D60220F421B300B5D12C /* LoginViewController.m in Sources */ = {isa = PBXBuildFile; fileRef = 35D8D60120F421B300B5D12C /* LoginViewController.m */; };
		35D8D60520F4279A00B5D12C /* TimelineViewController.m in Sources */ = {isa = PBXBuildFile; fileRef = 35D8D60420F4279A00B5D12C /* TimelineViewController.m */; };
		35D8D60820F4367D00B5D12C /* PickerViewController.m in Sources */ = {isa = PBXBuildFile; fileRef = 35D8D60720F4367D00B5D12C /* PickerViewController.m */; };
		35D8D60B20F529C800B5D12C /* Post.m in Sources */ = {isa = PBXBuildFile; fileRef = 35D8D60A20F529C800B5D12C /* Post.m */; };
		35D8D60F20F5382300B5D12C /* PostCell.m in Sources */ = {isa = PBXBuildFile; fileRef = 35D8D60E20F5382300B5D12C /* PostCell.m */; };
		35D8D61320F56D5700B5D12C /* PostViewController.m in Sources */ = {isa = PBXBuildFile; fileRef = 35D8D61220F56D5700B5D12C /* PostViewController.m */; };
		35D8D61620F5DA1E00B5D12C /* ProfileViewController.m in Sources */ = {isa = PBXBuildFile; fileRef = 35D8D61520F5DA1E00B5D12C /* ProfileViewController.m */; };
		35D8D61E20F6A70400B5D12C /* PostCollectionViewCell.m in Sources */ = {isa = PBXBuildFile; fileRef = 35D8D61D20F6A70400B5D12C /* PostCollectionViewCell.m */; };
		35F2517B20F82A82009554AB /* SignUpViewController.m in Sources */ = {isa = PBXBuildFile; fileRef = 35F2517A20F82A82009554AB /* SignUpViewController.m */; };
		35F2517E20F86A43009554AB /* UpdateImageViewController.m in Sources */ = {isa = PBXBuildFile; fileRef = 35F2517D20F86A43009554AB /* UpdateImageViewController.m */; };
		89A8D460B899BC04485B0B3D /* libPods-instagramishaTests.a in Frameworks */ = {isa = PBXBuildFile; fileRef = 7829F7B4B3D1112B5E3B5820 /* libPods-instagramishaTests.a */; };
		93B9AF88B0CB012731B6ADE5 /* libPods-instagramishaUITests.a in Frameworks */ = {isa = PBXBuildFile; fileRef = 593E05A8D88AD60374967DC0 /* libPods-instagramishaUITests.a */; };
		C08C13FBA5B9ED510E8B334E /* libPods-instagramisha.a in Frameworks */ = {isa = PBXBuildFile; fileRef = 9DDF87CA89D8DDB31CA2CAAF /* libPods-instagramisha.a */; };
/* End PBXBuildFile section */

/* Begin PBXContainerItemProxy section */
		35D8D5E320F4125A00B5D12C /* PBXContainerItemProxy */ = {
			isa = PBXContainerItemProxy;
			containerPortal = 35D8D5C220F4125900B5D12C /* Project object */;
			proxyType = 1;
			remoteGlobalIDString = 35D8D5C920F4125900B5D12C;
			remoteInfo = instagramisha;
		};
		35D8D5EE20F4125A00B5D12C /* PBXContainerItemProxy */ = {
			isa = PBXContainerItemProxy;
			containerPortal = 35D8D5C220F4125900B5D12C /* Project object */;
			proxyType = 1;
			remoteGlobalIDString = 35D8D5C920F4125900B5D12C;
			remoteInfo = instagramisha;
		};
/* End PBXContainerItemProxy section */

/* Begin PBXFileReference section */
		08C6CAA55698858E14934D15 /* Pods-instagramishaTests.debug.xcconfig */ = {isa = PBXFileReference; includeInIndex = 1; lastKnownFileType = text.xcconfig; name = "Pods-instagramishaTests.debug.xcconfig"; path = "Pods/Target Support Files/Pods-instagramishaTests/Pods-instagramishaTests.debug.xcconfig"; sourceTree = "<group>"; };
		3516F2A820F6B90F00C7E59D /* User.h */ = {isa = PBXFileReference; lastKnownFileType = sourcecode.c.h; path = User.h; sourceTree = "<group>"; };
		3516F2A920F6B90F00C7E59D /* User.m */ = {isa = PBXFileReference; lastKnownFileType = sourcecode.c.objc; path = User.m; sourceTree = "<group>"; };
		3516F2AB20F721B800C7E59D /* CustomCameraViewController.h */ = {isa = PBXFileReference; lastKnownFileType = sourcecode.c.h; path = CustomCameraViewController.h; sourceTree = "<group>"; };
		3516F2AC20F721B800C7E59D /* CustomCameraViewController.m */ = {isa = PBXFileReference; lastKnownFileType = sourcecode.c.objc; path = CustomCameraViewController.m; sourceTree = "<group>"; };
		3516F2AE20F7244B00C7E59D /* AVFoundation.framework */ = {isa = PBXFileReference; lastKnownFileType = wrapper.framework; name = AVFoundation.framework; path = System/Library/Frameworks/AVFoundation.framework; sourceTree = SDKROOT; };
		35AFDD0620F96C92008C2328 /* CustomCaptionViewController.h */ = {isa = PBXFileReference; lastKnownFileType = sourcecode.c.h; path = CustomCaptionViewController.h; sourceTree = "<group>"; };
		35AFDD0720F96C92008C2328 /* CustomCaptionViewController.m */ = {isa = PBXFileReference; lastKnownFileType = sourcecode.c.objc; path = CustomCaptionViewController.m; sourceTree = "<group>"; };
		35D8D5CA20F4125900B5D12C /* instagramisha.app */ = {isa = PBXFileReference; explicitFileType = wrapper.application; includeInIndex = 0; path = instagramisha.app; sourceTree = BUILT_PRODUCTS_DIR; };
		35D8D5CD20F4125900B5D12C /* AppDelegate.h */ = {isa = PBXFileReference; lastKnownFileType = sourcecode.c.h; path = AppDelegate.h; sourceTree = "<group>"; };
		35D8D5CE20F4125900B5D12C /* AppDelegate.m */ = {isa = PBXFileReference; lastKnownFileType = sourcecode.c.objc; path = AppDelegate.m; sourceTree = "<group>"; };
		35D8D5D020F4125900B5D12C /* ViewController.h */ = {isa = PBXFileReference; lastKnownFileType = sourcecode.c.h; path = ViewController.h; sourceTree = "<group>"; };
		35D8D5D120F4125900B5D12C /* ViewController.m */ = {isa = PBXFileReference; lastKnownFileType = sourcecode.c.objc; path = ViewController.m; sourceTree = "<group>"; };
		35D8D5D420F4125900B5D12C /* Base */ = {isa = PBXFileReference; lastKnownFileType = file.storyboard; name = Base; path = Base.lproj/Main.storyboard; sourceTree = "<group>"; };
		35D8D5D620F4125A00B5D12C /* Assets.xcassets */ = {isa = PBXFileReference; lastKnownFileType = folder.assetcatalog; path = Assets.xcassets; sourceTree = "<group>"; };
		35D8D5D920F4125A00B5D12C /* Base */ = {isa = PBXFileReference; lastKnownFileType = file.storyboard; name = Base; path = Base.lproj/LaunchScreen.storyboard; sourceTree = "<group>"; };
		35D8D5DB20F4125A00B5D12C /* Info.plist */ = {isa = PBXFileReference; lastKnownFileType = text.plist.xml; path = Info.plist; sourceTree = "<group>"; };
		35D8D5DC20F4125A00B5D12C /* main.m */ = {isa = PBXFileReference; lastKnownFileType = sourcecode.c.objc; path = main.m; sourceTree = "<group>"; };
		35D8D5E220F4125A00B5D12C /* instagramishaTests.xctest */ = {isa = PBXFileReference; explicitFileType = wrapper.cfbundle; includeInIndex = 0; path = instagramishaTests.xctest; sourceTree = BUILT_PRODUCTS_DIR; };
		35D8D5E620F4125A00B5D12C /* instagramishaTests.m */ = {isa = PBXFileReference; lastKnownFileType = sourcecode.c.objc; path = instagramishaTests.m; sourceTree = "<group>"; };
		35D8D5E820F4125A00B5D12C /* Info.plist */ = {isa = PBXFileReference; lastKnownFileType = text.plist.xml; path = Info.plist; sourceTree = "<group>"; };
		35D8D5ED20F4125A00B5D12C /* instagramishaUITests.xctest */ = {isa = PBXFileReference; explicitFileType = wrapper.cfbundle; includeInIndex = 0; path = instagramishaUITests.xctest; sourceTree = BUILT_PRODUCTS_DIR; };
		35D8D5F120F4125A00B5D12C /* instagramishaUITests.m */ = {isa = PBXFileReference; lastKnownFileType = sourcecode.c.objc; path = instagramishaUITests.m; sourceTree = "<group>"; };
		35D8D5F320F4125A00B5D12C /* Info.plist */ = {isa = PBXFileReference; lastKnownFileType = text.plist.xml; path = Info.plist; sourceTree = "<group>"; };
		35D8D60020F421B300B5D12C /* LoginViewController.h */ = {isa = PBXFileReference; lastKnownFileType = sourcecode.c.h; path = LoginViewController.h; sourceTree = "<group>"; };
		35D8D60120F421B300B5D12C /* LoginViewController.m */ = {isa = PBXFileReference; lastKnownFileType = sourcecode.c.objc; path = LoginViewController.m; sourceTree = "<group>"; };
		35D8D60320F4279A00B5D12C /* TimelineViewController.h */ = {isa = PBXFileReference; lastKnownFileType = sourcecode.c.h; path = TimelineViewController.h; sourceTree = "<group>"; };
		35D8D60420F4279A00B5D12C /* TimelineViewController.m */ = {isa = PBXFileReference; lastKnownFileType = sourcecode.c.objc; path = TimelineViewController.m; sourceTree = "<group>"; };
		35D8D60620F4367D00B5D12C /* PickerViewController.h */ = {isa = PBXFileReference; lastKnownFileType = sourcecode.c.h; path = PickerViewController.h; sourceTree = "<group>"; };
		35D8D60720F4367D00B5D12C /* PickerViewController.m */ = {isa = PBXFileReference; lastKnownFileType = sourcecode.c.objc; path = PickerViewController.m; sourceTree = "<group>"; };
		35D8D60920F529C800B5D12C /* Post.h */ = {isa = PBXFileReference; lastKnownFileType = sourcecode.c.h; path = Post.h; sourceTree = "<group>"; };
		35D8D60A20F529C800B5D12C /* Post.m */ = {isa = PBXFileReference; lastKnownFileType = sourcecode.c.objc; path = Post.m; sourceTree = "<group>"; };
		35D8D60D20F5382300B5D12C /* PostCell.h */ = {isa = PBXFileReference; lastKnownFileType = sourcecode.c.h; path = PostCell.h; sourceTree = "<group>"; };
		35D8D60E20F5382300B5D12C /* PostCell.m */ = {isa = PBXFileReference; lastKnownFileType = sourcecode.c.objc; path = PostCell.m; sourceTree = "<group>"; };
		35D8D61120F56D5700B5D12C /* PostViewController.h */ = {isa = PBXFileReference; lastKnownFileType = sourcecode.c.h; path = PostViewController.h; sourceTree = "<group>"; };
		35D8D61220F56D5700B5D12C /* PostViewController.m */ = {isa = PBXFileReference; lastKnownFileType = sourcecode.c.objc; path = PostViewController.m; sourceTree = "<group>"; };
		35D8D61420F5DA1E00B5D12C /* ProfileViewController.h */ = {isa = PBXFileReference; lastKnownFileType = sourcecode.c.h; path = ProfileViewController.h; sourceTree = "<group>"; };
		35D8D61520F5DA1E00B5D12C /* ProfileViewController.m */ = {isa = PBXFileReference; lastKnownFileType = sourcecode.c.objc; path = ProfileViewController.m; sourceTree = "<group>"; };
		35D8D61C20F6A70400B5D12C /* PostCollectionViewCell.h */ = {isa = PBXFileReference; lastKnownFileType = sourcecode.c.h; path = PostCollectionViewCell.h; sourceTree = "<group>"; };
		35D8D61D20F6A70400B5D12C /* PostCollectionViewCell.m */ = {isa = PBXFileReference; lastKnownFileType = sourcecode.c.objc; path = PostCollectionViewCell.m; sourceTree = "<group>"; };
		35F2517920F82A82009554AB /* SignUpViewController.h */ = {isa = PBXFileReference; lastKnownFileType = sourcecode.c.h; path = SignUpViewController.h; sourceTree = "<group>"; };
		35F2517A20F82A82009554AB /* SignUpViewController.m */ = {isa = PBXFileReference; lastKnownFileType = sourcecode.c.objc; path = SignUpViewController.m; sourceTree = "<group>"; };
		35F2517C20F86A43009554AB /* UpdateImageViewController.h */ = {isa = PBXFileReference; lastKnownFileType = sourcecode.c.h; path = UpdateImageViewController.h; sourceTree = "<group>"; };
		35F2517D20F86A43009554AB /* UpdateImageViewController.m */ = {isa = PBXFileReference; lastKnownFileType = sourcecode.c.objc; path = UpdateImageViewController.m; sourceTree = "<group>"; };
		35FAD29D4FD081CA25CE1908 /* Pods-instagramisha.debug.xcconfig */ = {isa = PBXFileReference; includeInIndex = 1; lastKnownFileType = text.xcconfig; name = "Pods-instagramisha.debug.xcconfig"; path = "Pods/Target Support Files/Pods-instagramisha/Pods-instagramisha.debug.xcconfig"; sourceTree = "<group>"; };
		4F6F79EAE949385F0368B589 /* Pods-instagramishaUITests.debug.xcconfig */ = {isa = PBXFileReference; includeInIndex = 1; lastKnownFileType = text.xcconfig; name = "Pods-instagramishaUITests.debug.xcconfig"; path = "Pods/Target Support Files/Pods-instagramishaUITests/Pods-instagramishaUITests.debug.xcconfig"; sourceTree = "<group>"; };
		593E05A8D88AD60374967DC0 /* libPods-instagramishaUITests.a */ = {isa = PBXFileReference; explicitFileType = archive.ar; includeInIndex = 0; path = "libPods-instagramishaUITests.a"; sourceTree = BUILT_PRODUCTS_DIR; };
		663D968F55FD9104354B59C3 /* Pods-instagramishaUITests.release.xcconfig */ = {isa = PBXFileReference; includeInIndex = 1; lastKnownFileType = text.xcconfig; name = "Pods-instagramishaUITests.release.xcconfig"; path = "Pods/Target Support Files/Pods-instagramishaUITests/Pods-instagramishaUITests.release.xcconfig"; sourceTree = "<group>"; };
		74FA37922CFF3D0D2824CAA8 /* Pods-instagramishaTests.release.xcconfig */ = {isa = PBXFileReference; includeInIndex = 1; lastKnownFileType = text.xcconfig; name = "Pods-instagramishaTests.release.xcconfig"; path = "Pods/Target Support Files/Pods-instagramishaTests/Pods-instagramishaTests.release.xcconfig"; sourceTree = "<group>"; };
		7829F7B4B3D1112B5E3B5820 /* libPods-instagramishaTests.a */ = {isa = PBXFileReference; explicitFileType = archive.ar; includeInIndex = 0; path = "libPods-instagramishaTests.a"; sourceTree = BUILT_PRODUCTS_DIR; };
		9DDF87CA89D8DDB31CA2CAAF /* libPods-instagramisha.a */ = {isa = PBXFileReference; explicitFileType = archive.ar; includeInIndex = 0; path = "libPods-instagramisha.a"; sourceTree = BUILT_PRODUCTS_DIR; };
		BF58B92558CE3EA8E82CA426 /* Pods-instagramisha.release.xcconfig */ = {isa = PBXFileReference; includeInIndex = 1; lastKnownFileType = text.xcconfig; name = "Pods-instagramisha.release.xcconfig"; path = "Pods/Target Support Files/Pods-instagramisha/Pods-instagramisha.release.xcconfig"; sourceTree = "<group>"; };
/* End PBXFileReference section */

/* Begin PBXFrameworksBuildPhase section */
		35D8D5C720F4125900B5D12C /* Frameworks */ = {
			isa = PBXFrameworksBuildPhase;
			buildActionMask = 2147483647;
			files = (
				3516F2AF20F7244B00C7E59D /* AVFoundation.framework in Frameworks */,
				C08C13FBA5B9ED510E8B334E /* libPods-instagramisha.a in Frameworks */,
			);
			runOnlyForDeploymentPostprocessing = 0;
		};
		35D8D5DF20F4125A00B5D12C /* Frameworks */ = {
			isa = PBXFrameworksBuildPhase;
			buildActionMask = 2147483647;
			files = (
				89A8D460B899BC04485B0B3D /* libPods-instagramishaTests.a in Frameworks */,
			);
			runOnlyForDeploymentPostprocessing = 0;
		};
		35D8D5EA20F4125A00B5D12C /* Frameworks */ = {
			isa = PBXFrameworksBuildPhase;
			buildActionMask = 2147483647;
			files = (
				93B9AF88B0CB012731B6ADE5 /* libPods-instagramishaUITests.a in Frameworks */,
			);
			runOnlyForDeploymentPostprocessing = 0;
		};
/* End PBXFrameworksBuildPhase section */

/* Begin PBXGroup section */
		35D8D5C120F4125900B5D12C = {
			isa = PBXGroup;
			children = (
				35D8D5CC20F4125900B5D12C /* instagramisha */,
				35D8D5E520F4125A00B5D12C /* instagramishaTests */,
				35D8D5F020F4125A00B5D12C /* instagramishaUITests */,
				35D8D5CB20F4125900B5D12C /* Products */,
				EDD08E0564F22684ED00D974 /* Pods */,
				8B1D317BA0ACCFBF6A87CFA1 /* Frameworks */,
			);
			sourceTree = "<group>";
		};
		35D8D5CB20F4125900B5D12C /* Products */ = {
			isa = PBXGroup;
			children = (
				35D8D5CA20F4125900B5D12C /* instagramisha.app */,
				35D8D5E220F4125A00B5D12C /* instagramishaTests.xctest */,
				35D8D5ED20F4125A00B5D12C /* instagramishaUITests.xctest */,
			);
			name = Products;
			sourceTree = "<group>";
		};
		35D8D5CC20F4125900B5D12C /* instagramisha */ = {
			isa = PBXGroup;
			children = (
				35D8D5FF20F4206700B5D12C /* View Controllers */,
				35D8D60C20F529CF00B5D12C /* Models */,
				35D8D61020F5383000B5D12C /* View */,
				35D8D5CD20F4125900B5D12C /* AppDelegate.h */,
				35D8D5CE20F4125900B5D12C /* AppDelegate.m */,
				35D8D5D320F4125900B5D12C /* Main.storyboard */,
				35D8D5D620F4125A00B5D12C /* Assets.xcassets */,
				35D8D5D820F4125A00B5D12C /* LaunchScreen.storyboard */,
				35D8D5DB20F4125A00B5D12C /* Info.plist */,
				35D8D5DC20F4125A00B5D12C /* main.m */,
			);
			path = instagramisha;
			sourceTree = "<group>";
		};
		35D8D5E520F4125A00B5D12C /* instagramishaTests */ = {
			isa = PBXGroup;
			children = (
				35D8D5E620F4125A00B5D12C /* instagramishaTests.m */,
				35D8D5E820F4125A00B5D12C /* Info.plist */,
			);
			path = instagramishaTests;
			sourceTree = "<group>";
		};
		35D8D5F020F4125A00B5D12C /* instagramishaUITests */ = {
			isa = PBXGroup;
			children = (
				35D8D5F120F4125A00B5D12C /* instagramishaUITests.m */,
				35D8D5F320F4125A00B5D12C /* Info.plist */,
			);
			path = instagramishaUITests;
			sourceTree = "<group>";
		};
		35D8D5FF20F4206700B5D12C /* View Controllers */ = {
			isa = PBXGroup;
			children = (
				35D8D5D020F4125900B5D12C /* ViewController.h */,
				35D8D5D120F4125900B5D12C /* ViewController.m */,
				35D8D60020F421B300B5D12C /* LoginViewController.h */,
				35D8D60120F421B300B5D12C /* LoginViewController.m */,
				35D8D60320F4279A00B5D12C /* TimelineViewController.h */,
				35D8D60420F4279A00B5D12C /* TimelineViewController.m */,
				35D8D60620F4367D00B5D12C /* PickerViewController.h */,
				35D8D60720F4367D00B5D12C /* PickerViewController.m */,
				35D8D61120F56D5700B5D12C /* PostViewController.h */,
				35D8D61220F56D5700B5D12C /* PostViewController.m */,
				35D8D61420F5DA1E00B5D12C /* ProfileViewController.h */,
				35D8D61520F5DA1E00B5D12C /* ProfileViewController.m */,
				3516F2AB20F721B800C7E59D /* CustomCameraViewController.h */,
				3516F2AC20F721B800C7E59D /* CustomCameraViewController.m */,
				35F2517920F82A82009554AB /* SignUpViewController.h */,
				35F2517A20F82A82009554AB /* SignUpViewController.m */,
				35F2517C20F86A43009554AB /* UpdateImageViewController.h */,
				35F2517D20F86A43009554AB /* UpdateImageViewController.m */,
				35AFDD0620F96C92008C2328 /* CustomCaptionViewController.h */,
				35AFDD0720F96C92008C2328 /* CustomCaptionViewController.m */,
			);
			path = "View Controllers";
			sourceTree = "<group>";
		};
		35D8D60C20F529CF00B5D12C /* Models */ = {
			isa = PBXGroup;
			children = (
				35D8D60920F529C800B5D12C /* Post.h */,
				35D8D60A20F529C800B5D12C /* Post.m */,
				3516F2A820F6B90F00C7E59D /* User.h */,
				3516F2A920F6B90F00C7E59D /* User.m */,
			);
			path = Models;
			sourceTree = "<group>";
		};
		35D8D61020F5383000B5D12C /* View */ = {
			isa = PBXGroup;
			children = (
				35D8D60D20F5382300B5D12C /* PostCell.h */,
				35D8D60E20F5382300B5D12C /* PostCell.m */,
				35D8D61C20F6A70400B5D12C /* PostCollectionViewCell.h */,
				35D8D61D20F6A70400B5D12C /* PostCollectionViewCell.m */,
			);
			path = View;
			sourceTree = "<group>";
		};
		8B1D317BA0ACCFBF6A87CFA1 /* Frameworks */ = {
			isa = PBXGroup;
			children = (
				3516F2AE20F7244B00C7E59D /* AVFoundation.framework */,
				9DDF87CA89D8DDB31CA2CAAF /* libPods-instagramisha.a */,
				7829F7B4B3D1112B5E3B5820 /* libPods-instagramishaTests.a */,
				593E05A8D88AD60374967DC0 /* libPods-instagramishaUITests.a */,
			);
			name = Frameworks;
			sourceTree = "<group>";
		};
		EDD08E0564F22684ED00D974 /* Pods */ = {
			isa = PBXGroup;
			children = (
				35FAD29D4FD081CA25CE1908 /* Pods-instagramisha.debug.xcconfig */,
				BF58B92558CE3EA8E82CA426 /* Pods-instagramisha.release.xcconfig */,
				08C6CAA55698858E14934D15 /* Pods-instagramishaTests.debug.xcconfig */,
				74FA37922CFF3D0D2824CAA8 /* Pods-instagramishaTests.release.xcconfig */,
				4F6F79EAE949385F0368B589 /* Pods-instagramishaUITests.debug.xcconfig */,
				663D968F55FD9104354B59C3 /* Pods-instagramishaUITests.release.xcconfig */,
			);
			name = Pods;
			sourceTree = "<group>";
		};
/* End PBXGroup section */

/* Begin PBXNativeTarget section */
		35D8D5C920F4125900B5D12C /* instagramisha */ = {
			isa = PBXNativeTarget;
			buildConfigurationList = 35D8D5F620F4125A00B5D12C /* Build configuration list for PBXNativeTarget "instagramisha" */;
			buildPhases = (
				BC5789C8C91D2DAE07EABDDD /* [CP] Check Pods Manifest.lock */,
				35D8D5C620F4125900B5D12C /* Sources */,
				35D8D5C720F4125900B5D12C /* Frameworks */,
				35D8D5C820F4125900B5D12C /* Resources */,
				3FCC91F11379446D53A9DAB3 /* [CP] Copy Pods Resources */,
			);
			buildRules = (
			);
			dependencies = (
			);
			name = instagramisha;
			productName = instagramisha;
			productReference = 35D8D5CA20F4125900B5D12C /* instagramisha.app */;
			productType = "com.apple.product-type.application";
		};
		35D8D5E120F4125A00B5D12C /* instagramishaTests */ = {
			isa = PBXNativeTarget;
			buildConfigurationList = 35D8D5F920F4125A00B5D12C /* Build configuration list for PBXNativeTarget "instagramishaTests" */;
			buildPhases = (
				22BD2393A1E783F33D7238B7 /* [CP] Check Pods Manifest.lock */,
				35D8D5DE20F4125A00B5D12C /* Sources */,
				35D8D5DF20F4125A00B5D12C /* Frameworks */,
				35D8D5E020F4125A00B5D12C /* Resources */,
			);
			buildRules = (
			);
			dependencies = (
				35D8D5E420F4125A00B5D12C /* PBXTargetDependency */,
			);
			name = instagramishaTests;
			productName = instagramishaTests;
			productReference = 35D8D5E220F4125A00B5D12C /* instagramishaTests.xctest */;
			productType = "com.apple.product-type.bundle.unit-test";
		};
		35D8D5EC20F4125A00B5D12C /* instagramishaUITests */ = {
			isa = PBXNativeTarget;
			buildConfigurationList = 35D8D5FC20F4125A00B5D12C /* Build configuration list for PBXNativeTarget "instagramishaUITests" */;
			buildPhases = (
				FD3ACD9C02B2D87475F13FFC /* [CP] Check Pods Manifest.lock */,
				35D8D5E920F4125A00B5D12C /* Sources */,
				35D8D5EA20F4125A00B5D12C /* Frameworks */,
				35D8D5EB20F4125A00B5D12C /* Resources */,
			);
			buildRules = (
			);
			dependencies = (
				35D8D5EF20F4125A00B5D12C /* PBXTargetDependency */,
			);
			name = instagramishaUITests;
			productName = instagramishaUITests;
			productReference = 35D8D5ED20F4125A00B5D12C /* instagramishaUITests.xctest */;
			productType = "com.apple.product-type.bundle.ui-testing";
		};
/* End PBXNativeTarget section */

/* Begin PBXProject section */
		35D8D5C220F4125900B5D12C /* Project object */ = {
			isa = PBXProject;
			attributes = {
				LastUpgradeCheck = 0940;
				ORGANIZATIONNAME = codepath;
				TargetAttributes = {
					35D8D5C920F4125900B5D12C = {
						CreatedOnToolsVersion = 9.4.1;
					};
					35D8D5E120F4125A00B5D12C = {
						CreatedOnToolsVersion = 9.4.1;
						TestTargetID = 35D8D5C920F4125900B5D12C;
					};
					35D8D5EC20F4125A00B5D12C = {
						CreatedOnToolsVersion = 9.4.1;
						TestTargetID = 35D8D5C920F4125900B5D12C;
					};
				};
			};
			buildConfigurationList = 35D8D5C520F4125900B5D12C /* Build configuration list for PBXProject "instagramisha" */;
			compatibilityVersion = "Xcode 9.3";
			developmentRegion = en;
			hasScannedForEncodings = 0;
			knownRegions = (
				en,
				Base,
			);
			mainGroup = 35D8D5C120F4125900B5D12C;
			productRefGroup = 35D8D5CB20F4125900B5D12C /* Products */;
			projectDirPath = "";
			projectRoot = "";
			targets = (
				35D8D5C920F4125900B5D12C /* instagramisha */,
				35D8D5E120F4125A00B5D12C /* instagramishaTests */,
				35D8D5EC20F4125A00B5D12C /* instagramishaUITests */,
			);
		};
/* End PBXProject section */

/* Begin PBXResourcesBuildPhase section */
		35D8D5C820F4125900B5D12C /* Resources */ = {
			isa = PBXResourcesBuildPhase;
			buildActionMask = 2147483647;
			files = (
				35D8D5DA20F4125A00B5D12C /* LaunchScreen.storyboard in Resources */,
				35D8D5D720F4125A00B5D12C /* Assets.xcassets in Resources */,
				35D8D5D520F4125900B5D12C /* Main.storyboard in Resources */,
			);
			runOnlyForDeploymentPostprocessing = 0;
		};
		35D8D5E020F4125A00B5D12C /* Resources */ = {
			isa = PBXResourcesBuildPhase;
			buildActionMask = 2147483647;
			files = (
			);
			runOnlyForDeploymentPostprocessing = 0;
		};
		35D8D5EB20F4125A00B5D12C /* Resources */ = {
			isa = PBXResourcesBuildPhase;
			buildActionMask = 2147483647;
			files = (
			);
			runOnlyForDeploymentPostprocessing = 0;
		};
/* End PBXResourcesBuildPhase section */

/* Begin PBXShellScriptBuildPhase section */
		22BD2393A1E783F33D7238B7 /* [CP] Check Pods Manifest.lock */ = {
			isa = PBXShellScriptBuildPhase;
			buildActionMask = 2147483647;
			files = (
			);
			inputPaths = (
				"${PODS_PODFILE_DIR_PATH}/Podfile.lock",
				"${PODS_ROOT}/Manifest.lock",
			);
			name = "[CP] Check Pods Manifest.lock";
			outputPaths = (
				"$(DERIVED_FILE_DIR)/Pods-instagramishaTests-checkManifestLockResult.txt",
			);
			runOnlyForDeploymentPostprocessing = 0;
			shellPath = /bin/sh;
			shellScript = "diff \"${PODS_PODFILE_DIR_PATH}/Podfile.lock\" \"${PODS_ROOT}/Manifest.lock\" > /dev/null\nif [ $? != 0 ] ; then\n    # print error to STDERR\n    echo \"error: The sandbox is not in sync with the Podfile.lock. Run 'pod install' or update your CocoaPods installation.\" >&2\n    exit 1\nfi\n# This output is used by Xcode 'outputs' to avoid re-running this script phase.\necho \"SUCCESS\" > \"${SCRIPT_OUTPUT_FILE_0}\"\n";
			showEnvVarsInLog = 0;
		};
		3FCC91F11379446D53A9DAB3 /* [CP] Copy Pods Resources */ = {
			isa = PBXShellScriptBuildPhase;
			buildActionMask = 2147483647;
			files = (
			);
			inputPaths = (
				"${SRCROOT}/Pods/Target Support Files/Pods-instagramisha/Pods-instagramisha-resources.sh",
				"${PODS_ROOT}/DateTools/DateTools/DateTools/DateTools.bundle",
				"${PODS_CONFIGURATION_BUILD_DIR}/Parse/Parse.bundle",
				"${PODS_ROOT}/ParseUI/ParseUI/Resources/Localization/en.lproj",
				"${PODS_ROOT}/ParseUI/ParseUI/Resources/Localization/fr.lproj",
				"${PODS_ROOT}/ParseUI/ParseUI/Resources/Localization/pt-BR.lproj",
			);
			name = "[CP] Copy Pods Resources";
			outputPaths = (
				"${TARGET_BUILD_DIR}/${UNLOCALIZED_RESOURCES_FOLDER_PATH}/DateTools.bundle",
				"${TARGET_BUILD_DIR}/${UNLOCALIZED_RESOURCES_FOLDER_PATH}/Parse.bundle",
				"${TARGET_BUILD_DIR}/${UNLOCALIZED_RESOURCES_FOLDER_PATH}/en.lproj",
				"${TARGET_BUILD_DIR}/${UNLOCALIZED_RESOURCES_FOLDER_PATH}/fr.lproj",
				"${TARGET_BUILD_DIR}/${UNLOCALIZED_RESOURCES_FOLDER_PATH}/pt-BR.lproj",
			);
			runOnlyForDeploymentPostprocessing = 0;
			shellPath = /bin/sh;
			shellScript = "\"${SRCROOT}/Pods/Target Support Files/Pods-instagramisha/Pods-instagramisha-resources.sh\"\n";
			showEnvVarsInLog = 0;
		};
		BC5789C8C91D2DAE07EABDDD /* [CP] Check Pods Manifest.lock */ = {
			isa = PBXShellScriptBuildPhase;
			buildActionMask = 2147483647;
			files = (
			);
			inputPaths = (
				"${PODS_PODFILE_DIR_PATH}/Podfile.lock",
				"${PODS_ROOT}/Manifest.lock",
			);
			name = "[CP] Check Pods Manifest.lock";
			outputPaths = (
				"$(DERIVED_FILE_DIR)/Pods-instagramisha-checkManifestLockResult.txt",
			);
			runOnlyForDeploymentPostprocessing = 0;
			shellPath = /bin/sh;
			shellScript = "diff \"${PODS_PODFILE_DIR_PATH}/Podfile.lock\" \"${PODS_ROOT}/Manifest.lock\" > /dev/null\nif [ $? != 0 ] ; then\n    # print error to STDERR\n    echo \"error: The sandbox is not in sync with the Podfile.lock. Run 'pod install' or update your CocoaPods installation.\" >&2\n    exit 1\nfi\n# This output is used by Xcode 'outputs' to avoid re-running this script phase.\necho \"SUCCESS\" > \"${SCRIPT_OUTPUT_FILE_0}\"\n";
			showEnvVarsInLog = 0;
		};
		FD3ACD9C02B2D87475F13FFC /* [CP] Check Pods Manifest.lock */ = {
			isa = PBXShellScriptBuildPhase;
			buildActionMask = 2147483647;
			files = (
			);
			inputPaths = (
				"${PODS_PODFILE_DIR_PATH}/Podfile.lock",
				"${PODS_ROOT}/Manifest.lock",
			);
			name = "[CP] Check Pods Manifest.lock";
			outputPaths = (
				"$(DERIVED_FILE_DIR)/Pods-instagramishaUITests-checkManifestLockResult.txt",
			);
			runOnlyForDeploymentPostprocessing = 0;
			shellPath = /bin/sh;
			shellScript = "diff \"${PODS_PODFILE_DIR_PATH}/Podfile.lock\" \"${PODS_ROOT}/Manifest.lock\" > /dev/null\nif [ $? != 0 ] ; then\n    # print error to STDERR\n    echo \"error: The sandbox is not in sync with the Podfile.lock. Run 'pod install' or update your CocoaPods installation.\" >&2\n    exit 1\nfi\n# This output is used by Xcode 'outputs' to avoid re-running this script phase.\necho \"SUCCESS\" > \"${SCRIPT_OUTPUT_FILE_0}\"\n";
			showEnvVarsInLog = 0;
		};
/* End PBXShellScriptBuildPhase section */

/* Begin PBXSourcesBuildPhase section */
		35D8D5C620F4125900B5D12C /* Sources */ = {
			isa = PBXSourcesBuildPhase;
			buildActionMask = 2147483647;
			files = (
				35AFDD0820F96C92008C2328 /* CustomCaptionViewController.m in Sources */,
				35D8D60220F421B300B5D12C /* LoginViewController.m in Sources */,
				35D8D61E20F6A70400B5D12C /* PostCollectionViewCell.m in Sources */,
				35D8D5D220F4125900B5D12C /* ViewController.m in Sources */,
				35D8D5DD20F4125A00B5D12C /* main.m in Sources */,
				35D8D60F20F5382300B5D12C /* PostCell.m in Sources */,
				35D8D61620F5DA1E00B5D12C /* ProfileViewController.m in Sources */,
				35D8D5CF20F4125900B5D12C /* AppDelegate.m in Sources */,
				35D8D61320F56D5700B5D12C /* PostViewController.m in Sources */,
				3516F2AA20F6B90F00C7E59D /* User.m in Sources */,
				35D8D60820F4367D00B5D12C /* PickerViewController.m in Sources */,
				35D8D60520F4279A00B5D12C /* TimelineViewController.m in Sources */,
				35F2517E20F86A43009554AB /* UpdateImageViewController.m in Sources */,
				3516F2AD20F721B800C7E59D /* CustomCameraViewController.m in Sources */,
				35F2517B20F82A82009554AB /* SignUpViewController.m in Sources */,
				35D8D60B20F529C800B5D12C /* Post.m in Sources */,
			);
			runOnlyForDeploymentPostprocessing = 0;
		};
		35D8D5DE20F4125A00B5D12C /* Sources */ = {
			isa = PBXSourcesBuildPhase;
			buildActionMask = 2147483647;
			files = (
				35D8D5E720F4125A00B5D12C /* instagramishaTests.m in Sources */,
			);
			runOnlyForDeploymentPostprocessing = 0;
		};
		35D8D5E920F4125A00B5D12C /* Sources */ = {
			isa = PBXSourcesBuildPhase;
			buildActionMask = 2147483647;
			files = (
				35D8D5F220F4125A00B5D12C /* instagramishaUITests.m in Sources */,
			);
			runOnlyForDeploymentPostprocessing = 0;
		};
/* End PBXSourcesBuildPhase section */

/* Begin PBXTargetDependency section */
		35D8D5E420F4125A00B5D12C /* PBXTargetDependency */ = {
			isa = PBXTargetDependency;
			target = 35D8D5C920F4125900B5D12C /* instagramisha */;
			targetProxy = 35D8D5E320F4125A00B5D12C /* PBXContainerItemProxy */;
		};
		35D8D5EF20F4125A00B5D12C /* PBXTargetDependency */ = {
			isa = PBXTargetDependency;
			target = 35D8D5C920F4125900B5D12C /* instagramisha */;
			targetProxy = 35D8D5EE20F4125A00B5D12C /* PBXContainerItemProxy */;
		};
/* End PBXTargetDependency section */

/* Begin PBXVariantGroup section */
		35D8D5D320F4125900B5D12C /* Main.storyboard */ = {
			isa = PBXVariantGroup;
			children = (
				35D8D5D420F4125900B5D12C /* Base */,
			);
			name = Main.storyboard;
			sourceTree = "<group>";
		};
		35D8D5D820F4125A00B5D12C /* LaunchScreen.storyboard */ = {
			isa = PBXVariantGroup;
			children = (
				35D8D5D920F4125A00B5D12C /* Base */,
			);
			name = LaunchScreen.storyboard;
			sourceTree = "<group>";
		};
/* End PBXVariantGroup section */

/* Begin XCBuildConfiguration section */
		35D8D5F420F4125A00B5D12C /* Debug */ = {
			isa = XCBuildConfiguration;
			buildSettings = {
				ALWAYS_SEARCH_USER_PATHS = NO;
				CLANG_ANALYZER_NONNULL = YES;
				CLANG_ANALYZER_NUMBER_OBJECT_CONVERSION = YES_AGGRESSIVE;
				CLANG_CXX_LANGUAGE_STANDARD = "gnu++14";
				CLANG_CXX_LIBRARY = "libc++";
				CLANG_ENABLE_MODULES = YES;
				CLANG_ENABLE_OBJC_ARC = YES;
				CLANG_ENABLE_OBJC_WEAK = YES;
				CLANG_WARN_BLOCK_CAPTURE_AUTORELEASING = YES;
				CLANG_WARN_BOOL_CONVERSION = YES;
				CLANG_WARN_COMMA = YES;
				CLANG_WARN_CONSTANT_CONVERSION = YES;
				CLANG_WARN_DEPRECATED_OBJC_IMPLEMENTATIONS = YES;
				CLANG_WARN_DIRECT_OBJC_ISA_USAGE = YES_ERROR;
				CLANG_WARN_DOCUMENTATION_COMMENTS = YES;
				CLANG_WARN_EMPTY_BODY = YES;
				CLANG_WARN_ENUM_CONVERSION = YES;
				CLANG_WARN_INFINITE_RECURSION = YES;
				CLANG_WARN_INT_CONVERSION = YES;
				CLANG_WARN_NON_LITERAL_NULL_CONVERSION = YES;
				CLANG_WARN_OBJC_IMPLICIT_RETAIN_SELF = YES;
				CLANG_WARN_OBJC_LITERAL_CONVERSION = YES;
				CLANG_WARN_OBJC_ROOT_CLASS = YES_ERROR;
				CLANG_WARN_RANGE_LOOP_ANALYSIS = YES;
				CLANG_WARN_STRICT_PROTOTYPES = YES;
				CLANG_WARN_SUSPICIOUS_MOVE = YES;
				CLANG_WARN_UNGUARDED_AVAILABILITY = YES_AGGRESSIVE;
				CLANG_WARN_UNREACHABLE_CODE = YES;
				CLANG_WARN__DUPLICATE_METHOD_MATCH = YES;
				CODE_SIGN_IDENTITY = "iPhone Developer";
				COPY_PHASE_STRIP = NO;
				DEBUG_INFORMATION_FORMAT = dwarf;
				ENABLE_STRICT_OBJC_MSGSEND = YES;
				ENABLE_TESTABILITY = YES;
				GCC_C_LANGUAGE_STANDARD = gnu11;
				GCC_DYNAMIC_NO_PIC = NO;
				GCC_NO_COMMON_BLOCKS = YES;
				GCC_OPTIMIZATION_LEVEL = 0;
				GCC_PREPROCESSOR_DEFINITIONS = (
					"DEBUG=1",
					"$(inherited)",
				);
				GCC_WARN_64_TO_32_BIT_CONVERSION = YES;
				GCC_WARN_ABOUT_RETURN_TYPE = YES_ERROR;
				GCC_WARN_UNDECLARED_SELECTOR = YES;
				GCC_WARN_UNINITIALIZED_AUTOS = YES_AGGRESSIVE;
				GCC_WARN_UNUSED_FUNCTION = YES;
				GCC_WARN_UNUSED_VARIABLE = YES;
				IPHONEOS_DEPLOYMENT_TARGET = 11.4;
				MTL_ENABLE_DEBUG_INFO = YES;
				ONLY_ACTIVE_ARCH = YES;
				SDKROOT = iphoneos;
			};
			name = Debug;
		};
		35D8D5F520F4125A00B5D12C /* Release */ = {
			isa = XCBuildConfiguration;
			buildSettings = {
				ALWAYS_SEARCH_USER_PATHS = NO;
				CLANG_ANALYZER_NONNULL = YES;
				CLANG_ANALYZER_NUMBER_OBJECT_CONVERSION = YES_AGGRESSIVE;
				CLANG_CXX_LANGUAGE_STANDARD = "gnu++14";
				CLANG_CXX_LIBRARY = "libc++";
				CLANG_ENABLE_MODULES = YES;
				CLANG_ENABLE_OBJC_ARC = YES;
				CLANG_ENABLE_OBJC_WEAK = YES;
				CLANG_WARN_BLOCK_CAPTURE_AUTORELEASING = YES;
				CLANG_WARN_BOOL_CONVERSION = YES;
				CLANG_WARN_COMMA = YES;
				CLANG_WARN_CONSTANT_CONVERSION = YES;
				CLANG_WARN_DEPRECATED_OBJC_IMPLEMENTATIONS = YES;
				CLANG_WARN_DIRECT_OBJC_ISA_USAGE = YES_ERROR;
				CLANG_WARN_DOCUMENTATION_COMMENTS = YES;
				CLANG_WARN_EMPTY_BODY = YES;
				CLANG_WARN_ENUM_CONVERSION = YES;
				CLANG_WARN_INFINITE_RECURSION = YES;
				CLANG_WARN_INT_CONVERSION = YES;
				CLANG_WARN_NON_LITERAL_NULL_CONVERSION = YES;
				CLANG_WARN_OBJC_IMPLICIT_RETAIN_SELF = YES;
				CLANG_WARN_OBJC_LITERAL_CONVERSION = YES;
				CLANG_WARN_OBJC_ROOT_CLASS = YES_ERROR;
				CLANG_WARN_RANGE_LOOP_ANALYSIS = YES;
				CLANG_WARN_STRICT_PROTOTYPES = YES;
				CLANG_WARN_SUSPICIOUS_MOVE = YES;
				CLANG_WARN_UNGUARDED_AVAILABILITY = YES_AGGRESSIVE;
				CLANG_WARN_UNREACHABLE_CODE = YES;
				CLANG_WARN__DUPLICATE_METHOD_MATCH = YES;
				CODE_SIGN_IDENTITY = "iPhone Developer";
				COPY_PHASE_STRIP = NO;
				DEBUG_INFORMATION_FORMAT = "dwarf-with-dsym";
				ENABLE_NS_ASSERTIONS = NO;
				ENABLE_STRICT_OBJC_MSGSEND = YES;
				GCC_C_LANGUAGE_STANDARD = gnu11;
				GCC_NO_COMMON_BLOCKS = YES;
				GCC_WARN_64_TO_32_BIT_CONVERSION = YES;
				GCC_WARN_ABOUT_RETURN_TYPE = YES_ERROR;
				GCC_WARN_UNDECLARED_SELECTOR = YES;
				GCC_WARN_UNINITIALIZED_AUTOS = YES_AGGRESSIVE;
				GCC_WARN_UNUSED_FUNCTION = YES;
				GCC_WARN_UNUSED_VARIABLE = YES;
				IPHONEOS_DEPLOYMENT_TARGET = 11.4;
				MTL_ENABLE_DEBUG_INFO = NO;
				SDKROOT = iphoneos;
				VALIDATE_PRODUCT = YES;
			};
			name = Release;
		};
		35D8D5F720F4125A00B5D12C /* Debug */ = {
			isa = XCBuildConfiguration;
			baseConfigurationReference = 35FAD29D4FD081CA25CE1908 /* Pods-instagramisha.debug.xcconfig */;
			buildSettings = {
				ASSETCATALOG_COMPILER_APPICON_NAME = AppIcon;
				CODE_SIGN_STYLE = Automatic;
				DEVELOPMENT_TEAM = S8MAYBN4P6;
				INFOPLIST_FILE = instagramisha/Info.plist;
				IPHONEOS_DEPLOYMENT_TARGET = 11.3;
				LD_RUNPATH_SEARCH_PATHS = (
					"$(inherited)",
					"@executable_path/Frameworks",
				);
				PRODUCT_BUNDLE_IDENTIFIER = com.roesha.instagramisha;
				PRODUCT_NAME = "$(TARGET_NAME)";
				TARGETED_DEVICE_FAMILY = "1,2";
			};
			name = Debug;
		};
		35D8D5F820F4125A00B5D12C /* Release */ = {
			isa = XCBuildConfiguration;
			baseConfigurationReference = BF58B92558CE3EA8E82CA426 /* Pods-instagramisha.release.xcconfig */;
			buildSettings = {
				ASSETCATALOG_COMPILER_APPICON_NAME = AppIcon;
				CODE_SIGN_STYLE = Automatic;
				DEVELOPMENT_TEAM = S8MAYBN4P6;
				INFOPLIST_FILE = instagramisha/Info.plist;
				IPHONEOS_DEPLOYMENT_TARGET = 11.3;
				LD_RUNPATH_SEARCH_PATHS = (
					"$(inherited)",
					"@executable_path/Frameworks",
				);
				PRODUCT_BUNDLE_IDENTIFIER = com.roesha.instagramisha;
				PRODUCT_NAME = "$(TARGET_NAME)";
				TARGETED_DEVICE_FAMILY = "1,2";
			};
			name = Release;
		};
		35D8D5FA20F4125A00B5D12C /* Debug */ = {
			isa = XCBuildConfiguration;
			baseConfigurationReference = 08C6CAA55698858E14934D15 /* Pods-instagramishaTests.debug.xcconfig */;
			buildSettings = {
				BUNDLE_LOADER = "$(TEST_HOST)";
				CODE_SIGN_STYLE = Automatic;
				DEVELOPMENT_TEAM = S8MAYBN4P6;
				INFOPLIST_FILE = instagramishaTests/Info.plist;
				LD_RUNPATH_SEARCH_PATHS = (
					"$(inherited)",
					"@executable_path/Frameworks",
					"@loader_path/Frameworks",
				);
				PRODUCT_BUNDLE_IDENTIFIER = com.roesha.instagramishaTests;
				PRODUCT_NAME = "$(TARGET_NAME)";
				TARGETED_DEVICE_FAMILY = "1,2";
				TEST_HOST = "$(BUILT_PRODUCTS_DIR)/instagramisha.app/instagramisha";
			};
			name = Debug;
		};
		35D8D5FB20F4125A00B5D12C /* Release */ = {
			isa = XCBuildConfiguration;
			baseConfigurationReference = 74FA37922CFF3D0D2824CAA8 /* Pods-instagramishaTests.release.xcconfig */;
			buildSettings = {
				BUNDLE_LOADER = "$(TEST_HOST)";
				CODE_SIGN_STYLE = Automatic;
				DEVELOPMENT_TEAM = S8MAYBN4P6;
				INFOPLIST_FILE = instagramishaTests/Info.plist;
				LD_RUNPATH_SEARCH_PATHS = (
					"$(inherited)",
					"@executable_path/Frameworks",
					"@loader_path/Frameworks",
				);
				PRODUCT_BUNDLE_IDENTIFIER = com.roesha.instagramishaTests;
				PRODUCT_NAME = "$(TARGET_NAME)";
				TARGETED_DEVICE_FAMILY = "1,2";
				TEST_HOST = "$(BUILT_PRODUCTS_DIR)/instagramisha.app/instagramisha";
			};
			name = Release;
		};
		35D8D5FD20F4125A00B5D12C /* Debug */ = {
			isa = XCBuildConfiguration;
			baseConfigurationReference = 4F6F79EAE949385F0368B589 /* Pods-instagramishaUITests.debug.xcconfig */;
			buildSettings = {
				CODE_SIGN_STYLE = Automatic;
				DEVELOPMENT_TEAM = S8MAYBN4P6;
				INFOPLIST_FILE = instagramishaUITests/Info.plist;
				LD_RUNPATH_SEARCH_PATHS = (
					"$(inherited)",
					"@executable_path/Frameworks",
					"@loader_path/Frameworks",
				);
				PRODUCT_BUNDLE_IDENTIFIER = com.roesha.instagramishaUITests;
				PRODUCT_NAME = "$(TARGET_NAME)";
				TARGETED_DEVICE_FAMILY = "1,2";
				TEST_TARGET_NAME = instagramisha;
			};
			name = Debug;
		};
		35D8D5FE20F4125A00B5D12C /* Release */ = {
			isa = XCBuildConfiguration;
			baseConfigurationReference = 663D968F55FD9104354B59C3 /* Pods-instagramishaUITests.release.xcconfig */;
			buildSettings = {
				CODE_SIGN_STYLE = Automatic;
				DEVELOPMENT_TEAM = S8MAYBN4P6;
				INFOPLIST_FILE = instagramishaUITests/Info.plist;
				LD_RUNPATH_SEARCH_PATHS = (
					"$(inherited)",
					"@executable_path/Frameworks",
					"@loader_path/Frameworks",
				);
				PRODUCT_BUNDLE_IDENTIFIER = com.roesha.instagramishaUITests;
				PRODUCT_NAME = "$(TARGET_NAME)";
				TARGETED_DEVICE_FAMILY = "1,2";
				TEST_TARGET_NAME = instagramisha;
			};
			name = Release;
		};
/* End XCBuildConfiguration section */

/* Begin XCConfigurationList section */
		35D8D5C520F4125900B5D12C /* Build configuration list for PBXProject "instagramisha" */ = {
			isa = XCConfigurationList;
			buildConfigurations = (
				35D8D5F420F4125A00B5D12C /* Debug */,
				35D8D5F520F4125A00B5D12C /* Release */,
			);
			defaultConfigurationIsVisible = 0;
			defaultConfigurationName = Release;
		};
		35D8D5F620F4125A00B5D12C /* Build configuration list for PBXNativeTarget "instagramisha" */ = {
			isa = XCConfigurationList;
			buildConfigurations = (
				35D8D5F720F4125A00B5D12C /* Debug */,
				35D8D5F820F4125A00B5D12C /* Release */,
			);
			defaultConfigurationIsVisible = 0;
			defaultConfigurationName = Release;
		};
		35D8D5F920F4125A00B5D12C /* Build configuration list for PBXNativeTarget "instagramishaTests" */ = {
			isa = XCConfigurationList;
			buildConfigurations = (
				35D8D5FA20F4125A00B5D12C /* Debug */,
				35D8D5FB20F4125A00B5D12C /* Release */,
			);
			defaultConfigurationIsVisible = 0;
			defaultConfigurationName = Release;
		};
		35D8D5FC20F4125A00B5D12C /* Build configuration list for PBXNativeTarget "instagramishaUITests" */ = {
			isa = XCConfigurationList;
			buildConfigurations = (
				35D8D5FD20F4125A00B5D12C /* Debug */,
				35D8D5FE20F4125A00B5D12C /* Release */,
			);
			defaultConfigurationIsVisible = 0;
			defaultConfigurationName = Release;
		};
/* End XCConfigurationList section */
	};
	rootObject = 35D8D5C220F4125900B5D12C /* Project object */;
}
